// !$*UTF8*$!
{
	archiveVersion = 1;
	classes = {
	};
	objectVersion = 46;
	objects = {

/* Begin PBXBuildFile section */
		73289FE168A8378CC389F5E8 /* Pods_collegemate.framework in Frameworks */ = {isa = PBXBuildFile; fileRef = 70CF62CCFB51A9A4D27050DF /* Pods_collegemate.framework */; };
		9BA65ABBB21BBA190C75BF2F /* Pods_collegemateTests.framework in Frameworks */ = {isa = PBXBuildFile; fileRef = 2F04698522E3442BC98BE656 /* Pods_collegemateTests.framework */; };
		C93619371D3F479D0071B0C7 /* SWRevealViewController.m in Sources */ = {isa = PBXBuildFile; fileRef = C93619361D3F479D0071B0C7 /* SWRevealViewController.m */; };
		C97F342B1D31247700D3B398 /* SideMenuController.swift in Sources */ = {isa = PBXBuildFile; fileRef = C97F342A1D31247700D3B398 /* SideMenuController.swift */; };
		C97F342F1D325C7800D3B398 /* SideMenuCustomCell.swift in Sources */ = {isa = PBXBuildFile; fileRef = C97F342E1D325C7800D3B398 /* SideMenuCustomCell.swift */; };
		C999B57A1D2E1B6400EA87A2 /* GoogleService-Info.plist in Resources */ = {isa = PBXBuildFile; fileRef = C999B5791D2E1B6400EA87A2 /* GoogleService-Info.plist */; };
		C9D356661D22DAF800E1BC51 /* AppDelegate.swift in Sources */ = {isa = PBXBuildFile; fileRef = C9D356651D22DAF800E1BC51 /* AppDelegate.swift */; };
		C9D3566B1D22DAF800E1BC51 /* Main.storyboard in Resources */ = {isa = PBXBuildFile; fileRef = C9D356691D22DAF800E1BC51 /* Main.storyboard */; };
		C9D3566D1D22DAF800E1BC51 /* Assets.xcassets in Resources */ = {isa = PBXBuildFile; fileRef = C9D3566C1D22DAF800E1BC51 /* Assets.xcassets */; };
		C9D356701D22DAF800E1BC51 /* LaunchScreen.storyboard in Resources */ = {isa = PBXBuildFile; fileRef = C9D3566E1D22DAF800E1BC51 /* LaunchScreen.storyboard */; };
		C9D3567B1D22DAF800E1BC51 /* collegemateTests.swift in Sources */ = {isa = PBXBuildFile; fileRef = C9D3567A1D22DAF800E1BC51 /* collegemateTests.swift */; };
		C9D3568B1D23199E00E1BC51 /* NotificationsViewController.swift in Sources */ = {isa = PBXBuildFile; fileRef = C9D3568A1D23199E00E1BC51 /* NotificationsViewController.swift */; };
		C9D3568D1D239B7200E1BC51 /* LoginViewController.swift in Sources */ = {isa = PBXBuildFile; fileRef = C9D3568C1D239B7200E1BC51 /* LoginViewController.swift */; };
		C9D356921D2439FA00E1BC51 /* HttpHelper.swift in Sources */ = {isa = PBXBuildFile; fileRef = C9D356911D2439FA00E1BC51 /* HttpHelper.swift */; };
/* End PBXBuildFile section */

/* Begin PBXContainerItemProxy section */
		C9D356771D22DAF800E1BC51 /* PBXContainerItemProxy */ = {
			isa = PBXContainerItemProxy;
			containerPortal = C9D3565A1D22DAF800E1BC51 /* Project object */;
			proxyType = 1;
			remoteGlobalIDString = C9D356611D22DAF800E1BC51;
			remoteInfo = collegemate;
		};
/* End PBXContainerItemProxy section */

/* Begin PBXFileReference section */
		2C454C0BADBF726FAA565A75 /* Pods-collegemateTests.release.xcconfig */ = {isa = PBXFileReference; includeInIndex = 1; lastKnownFileType = text.xcconfig; name = "Pods-collegemateTests.release.xcconfig"; path = "Pods/Target Support Files/Pods-collegemateTests/Pods-collegemateTests.release.xcconfig"; sourceTree = "<group>"; };
		2F04698522E3442BC98BE656 /* Pods_collegemateTests.framework */ = {isa = PBXFileReference; explicitFileType = wrapper.framework; includeInIndex = 0; path = Pods_collegemateTests.framework; sourceTree = BUILT_PRODUCTS_DIR; };
		61C2A90F6CEED3B1CBAFE4C2 /* Pods-collegemate.debug.xcconfig */ = {isa = PBXFileReference; includeInIndex = 1; lastKnownFileType = text.xcconfig; name = "Pods-collegemate.debug.xcconfig"; path = "Pods/Target Support Files/Pods-collegemate/Pods-collegemate.debug.xcconfig"; sourceTree = "<group>"; };
		70CF62CCFB51A9A4D27050DF /* Pods_collegemate.framework */ = {isa = PBXFileReference; explicitFileType = wrapper.framework; includeInIndex = 0; path = Pods_collegemate.framework; sourceTree = BUILT_PRODUCTS_DIR; };
		87ED6EC70316C3FBA304561D /* Pods-collegemate.release.xcconfig */ = {isa = PBXFileReference; includeInIndex = 1; lastKnownFileType = text.xcconfig; name = "Pods-collegemate.release.xcconfig"; path = "Pods/Target Support Files/Pods-collegemate/Pods-collegemate.release.xcconfig"; sourceTree = "<group>"; };
		AA8780EECD43FB0887C4534B /* Pods-collegemate.adhoc.xcconfig */ = {isa = PBXFileReference; includeInIndex = 1; lastKnownFileType = text.xcconfig; name = "Pods-collegemate.adhoc.xcconfig"; path = "Pods/Target Support Files/Pods-collegemate/Pods-collegemate.adhoc.xcconfig"; sourceTree = "<group>"; };
		B9E0C4AEE80070D2488DB138 /* Pods-collegemateTests.debug.xcconfig */ = {isa = PBXFileReference; includeInIndex = 1; lastKnownFileType = text.xcconfig; name = "Pods-collegemateTests.debug.xcconfig"; path = "Pods/Target Support Files/Pods-collegemateTests/Pods-collegemateTests.debug.xcconfig"; sourceTree = "<group>"; };
		C93619351D3F479D0071B0C7 /* SWRevealViewController.h */ = {isa = PBXFileReference; fileEncoding = 4; lastKnownFileType = sourcecode.c.h; path = SWRevealViewController.h; sourceTree = "<group>"; };
		C93619361D3F479D0071B0C7 /* SWRevealViewController.m */ = {isa = PBXFileReference; fileEncoding = 4; lastKnownFileType = sourcecode.c.objc; path = SWRevealViewController.m; sourceTree = "<group>"; };
		C97F342A1D31247700D3B398 /* SideMenuController.swift */ = {isa = PBXFileReference; fileEncoding = 4; lastKnownFileType = sourcecode.swift; path = SideMenuController.swift; sourceTree = "<group>"; };
		C97F342E1D325C7800D3B398 /* SideMenuCustomCell.swift */ = {isa = PBXFileReference; fileEncoding = 4; lastKnownFileType = sourcecode.swift; path = SideMenuCustomCell.swift; sourceTree = "<group>"; };
		C999B5791D2E1B6400EA87A2 /* GoogleService-Info.plist */ = {isa = PBXFileReference; fileEncoding = 4; lastKnownFileType = text.plist.xml; path = "GoogleService-Info.plist"; sourceTree = "<group>"; };
		C9D356621D22DAF800E1BC51 /* collegemate.app */ = {isa = PBXFileReference; explicitFileType = wrapper.application; includeInIndex = 0; path = collegemate.app; sourceTree = BUILT_PRODUCTS_DIR; };
		C9D356651D22DAF800E1BC51 /* AppDelegate.swift */ = {isa = PBXFileReference; lastKnownFileType = sourcecode.swift; path = AppDelegate.swift; sourceTree = "<group>"; };
		C9D3566A1D22DAF800E1BC51 /* Base */ = {isa = PBXFileReference; lastKnownFileType = file.storyboard; name = Base; path = Base.lproj/Main.storyboard; sourceTree = "<group>"; };
		C9D3566C1D22DAF800E1BC51 /* Assets.xcassets */ = {isa = PBXFileReference; lastKnownFileType = folder.assetcatalog; path = Assets.xcassets; sourceTree = "<group>"; };
		C9D3566F1D22DAF800E1BC51 /* Base */ = {isa = PBXFileReference; lastKnownFileType = file.storyboard; name = Base; path = Base.lproj/LaunchScreen.storyboard; sourceTree = "<group>"; };
		C9D356711D22DAF800E1BC51 /* Info.plist */ = {isa = PBXFileReference; lastKnownFileType = text.plist.xml; path = Info.plist; sourceTree = "<group>"; };
		C9D356761D22DAF800E1BC51 /* collegemateTests.xctest */ = {isa = PBXFileReference; explicitFileType = wrapper.cfbundle; includeInIndex = 0; path = collegemateTests.xctest; sourceTree = BUILT_PRODUCTS_DIR; };
		C9D3567A1D22DAF800E1BC51 /* collegemateTests.swift */ = {isa = PBXFileReference; lastKnownFileType = sourcecode.swift; path = collegemateTests.swift; sourceTree = "<group>"; };
		C9D3567C1D22DAF800E1BC51 /* Info.plist */ = {isa = PBXFileReference; lastKnownFileType = text.plist.xml; path = Info.plist; sourceTree = "<group>"; };
		C9D356861D22EE9100E1BC51 /* collegemate-Bridging-Header.h */ = {isa = PBXFileReference; lastKnownFileType = sourcecode.c.h; path = "collegemate-Bridging-Header.h"; sourceTree = "<group>"; };
		C9D3568A1D23199E00E1BC51 /* NotificationsViewController.swift */ = {isa = PBXFileReference; fileEncoding = 4; lastKnownFileType = sourcecode.swift; path = NotificationsViewController.swift; sourceTree = "<group>"; };
		C9D3568C1D239B7200E1BC51 /* LoginViewController.swift */ = {isa = PBXFileReference; fileEncoding = 4; lastKnownFileType = sourcecode.swift; path = LoginViewController.swift; sourceTree = "<group>"; };
		C9D356911D2439FA00E1BC51 /* HttpHelper.swift */ = {isa = PBXFileReference; fileEncoding = 4; lastKnownFileType = sourcecode.swift; path = HttpHelper.swift; sourceTree = "<group>"; };
		CE4A41670D5A76A1C76134B4 /* Pods-collegemateTests.adhoc.xcconfig */ = {isa = PBXFileReference; includeInIndex = 1; lastKnownFileType = text.xcconfig; name = "Pods-collegemateTests.adhoc.xcconfig"; path = "Pods/Target Support Files/Pods-collegemateTests/Pods-collegemateTests.adhoc.xcconfig"; sourceTree = "<group>"; };
/* End PBXFileReference section */

/* Begin PBXFrameworksBuildPhase section */
		C9D3565F1D22DAF800E1BC51 /* Frameworks */ = {
			isa = PBXFrameworksBuildPhase;
			buildActionMask = 2147483647;
			files = (
				73289FE168A8378CC389F5E8 /* Pods_collegemate.framework in Frameworks */,
			);
			runOnlyForDeploymentPostprocessing = 0;
		};
		C9D356731D22DAF800E1BC51 /* Frameworks */ = {
			isa = PBXFrameworksBuildPhase;
			buildActionMask = 2147483647;
			files = (
				9BA65ABBB21BBA190C75BF2F /* Pods_collegemateTests.framework in Frameworks */,
			);
			runOnlyForDeploymentPostprocessing = 0;
		};
/* End PBXFrameworksBuildPhase section */

/* Begin PBXGroup section */
		AA3DDE0B5603F462117E1576 /* Pods */ = {
			isa = PBXGroup;
			children = (
				61C2A90F6CEED3B1CBAFE4C2 /* Pods-collegemate.debug.xcconfig */,
				87ED6EC70316C3FBA304561D /* Pods-collegemate.release.xcconfig */,
				B9E0C4AEE80070D2488DB138 /* Pods-collegemateTests.debug.xcconfig */,
				2C454C0BADBF726FAA565A75 /* Pods-collegemateTests.release.xcconfig */,
				AA8780EECD43FB0887C4534B /* Pods-collegemate.adhoc.xcconfig */,
				CE4A41670D5A76A1C76134B4 /* Pods-collegemateTests.adhoc.xcconfig */,
			);
			name = Pods;
			sourceTree = "<group>";
		};
		B9AC13FBB1DF9ECB57831653 /* Frameworks */ = {
			isa = PBXGroup;
			children = (
				70CF62CCFB51A9A4D27050DF /* Pods_collegemate.framework */,
				2F04698522E3442BC98BE656 /* Pods_collegemateTests.framework */,
			);
			name = Frameworks;
			sourceTree = "<group>";
		};
		C932DE3A1D266DD20040F88A /* ViewControllers */ = {
			isa = PBXGroup;
			children = (
				C9D3568C1D239B7200E1BC51 /* LoginViewController.swift */,
				C9D3568A1D23199E00E1BC51 /* NotificationsViewController.swift */,
				C97F342A1D31247700D3B398 /* SideMenuController.swift */,
				C97F342E1D325C7800D3B398 /* SideMenuCustomCell.swift */,
			);
			name = ViewControllers;
			sourceTree = "<group>";
		};
		C9D356591D22DAF800E1BC51 = {
			isa = PBXGroup;
			children = (
				C9D3568E1D2438A600E1BC51 /* Helpers */,
				C9D356851D22EE4400E1BC51 /* SWRevealViewController */,
				C9D356641D22DAF800E1BC51 /* collegemate */,
				C9D356791D22DAF800E1BC51 /* collegemateTests */,
				C9D356631D22DAF800E1BC51 /* Products */,
				AA3DDE0B5603F462117E1576 /* Pods */,
				B9AC13FBB1DF9ECB57831653 /* Frameworks */,
			);
			sourceTree = "<group>";
		};
		C9D356631D22DAF800E1BC51 /* Products */ = {
			isa = PBXGroup;
			children = (
				C9D356621D22DAF800E1BC51 /* collegemate.app */,
				C9D356761D22DAF800E1BC51 /* collegemateTests.xctest */,
			);
			name = Products;
			sourceTree = "<group>";
		};
		C9D356641D22DAF800E1BC51 /* collegemate */ = {
			isa = PBXGroup;
			children = (
				C932DE3A1D266DD20040F88A /* ViewControllers */,
				C9D356651D22DAF800E1BC51 /* AppDelegate.swift */,
				C9D356691D22DAF800E1BC51 /* Main.storyboard */,
				C9D3566C1D22DAF800E1BC51 /* Assets.xcassets */,
				C9D3566E1D22DAF800E1BC51 /* LaunchScreen.storyboard */,
				C999B5791D2E1B6400EA87A2 /* GoogleService-Info.plist */,
				C9D356711D22DAF800E1BC51 /* Info.plist */,
			);
			path = collegemate;
			sourceTree = "<group>";
		};
		C9D356791D22DAF800E1BC51 /* collegemateTests */ = {
			isa = PBXGroup;
			children = (
				C9D3567A1D22DAF800E1BC51 /* collegemateTests.swift */,
				C9D3567C1D22DAF800E1BC51 /* Info.plist */,
			);
			path = collegemateTests;
			sourceTree = "<group>";
		};
		C9D356851D22EE4400E1BC51 /* SWRevealViewController */ = {
			isa = PBXGroup;
			children = (
				C93619351D3F479D0071B0C7 /* SWRevealViewController.h */,
				C93619361D3F479D0071B0C7 /* SWRevealViewController.m */,
				C9D356861D22EE9100E1BC51 /* collegemate-Bridging-Header.h */,
			);
			name = SWRevealViewController;
			sourceTree = "<group>";
		};
		C9D3568E1D2438A600E1BC51 /* Helpers */ = {
			isa = PBXGroup;
			children = (
				C9D356911D2439FA00E1BC51 /* HttpHelper.swift */,
			);
			name = Helpers;
			path = collegemate;
			sourceTree = "<group>";
		};
/* End PBXGroup section */

/* Begin PBXNativeTarget section */
		C9D356611D22DAF800E1BC51 /* collegemate */ = {
			isa = PBXNativeTarget;
			buildConfigurationList = C9D3567F1D22DAF800E1BC51 /* Build configuration list for PBXNativeTarget "collegemate" */;
			buildPhases = (
				A925F10523C19E63F952A929 /* [CP] Check Pods Manifest.lock */,
				C9D3565E1D22DAF800E1BC51 /* Sources */,
				C9D3565F1D22DAF800E1BC51 /* Frameworks */,
				C9D356601D22DAF800E1BC51 /* Resources */,
				DA7E3EA8003CAA1D5ECA9B8F /* [CP] Embed Pods Frameworks */,
				B75895EDB7BCA1A69147D1A0 /* [CP] Copy Pods Resources */,
			);
			buildRules = (
			);
			dependencies = (
			);
			name = collegemate;
			productName = collegemate;
			productReference = C9D356621D22DAF800E1BC51 /* collegemate.app */;
			productType = "com.apple.product-type.application";
		};
		C9D356751D22DAF800E1BC51 /* collegemateTests */ = {
			isa = PBXNativeTarget;
			buildConfigurationList = C9D356821D22DAF800E1BC51 /* Build configuration list for PBXNativeTarget "collegemateTests" */;
			buildPhases = (
				D9A29A5604AF61404B66AE0C /* [CP] Check Pods Manifest.lock */,
				C9D356721D22DAF800E1BC51 /* Sources */,
				C9D356731D22DAF800E1BC51 /* Frameworks */,
				C9D356741D22DAF800E1BC51 /* Resources */,
				AD67B98A58D80185E9C85751 /* [CP] Embed Pods Frameworks */,
				3B0FA3C22BE089DE3C369967 /* [CP] Copy Pods Resources */,
			);
			buildRules = (
			);
			dependencies = (
				C9D356781D22DAF800E1BC51 /* PBXTargetDependency */,
			);
			name = collegemateTests;
			productName = collegemateTests;
			productReference = C9D356761D22DAF800E1BC51 /* collegemateTests.xctest */;
			productType = "com.apple.product-type.bundle.unit-test";
		};
/* End PBXNativeTarget section */

/* Begin PBXProject section */
		C9D3565A1D22DAF800E1BC51 /* Project object */ = {
			isa = PBXProject;
			attributes = {
				LastSwiftUpdateCheck = 0730;
				LastUpgradeCheck = 0730;
				ORGANIZATIONNAME = ToDevs;
				TargetAttributes = {
					C9D356611D22DAF800E1BC51 = {
						CreatedOnToolsVersion = 7.3.1;
						DevelopmentTeam = CX8659V4DU;
						SystemCapabilities = {
							com.apple.BackgroundModes = {
								enabled = 1;
							};
							com.apple.Push = {
								enabled = 1;
							};
						};
					};
					C9D356751D22DAF800E1BC51 = {
						CreatedOnToolsVersion = 7.3.1;
						TestTargetID = C9D356611D22DAF800E1BC51;
					};
				};
			};
			buildConfigurationList = C9D3565D1D22DAF800E1BC51 /* Build configuration list for PBXProject "collegemate" */;
			compatibilityVersion = "Xcode 3.2";
			developmentRegion = English;
			hasScannedForEncodings = 0;
			knownRegions = (
				en,
				Base,
			);
			mainGroup = C9D356591D22DAF800E1BC51;
			productRefGroup = C9D356631D22DAF800E1BC51 /* Products */;
			projectDirPath = "";
			projectRoot = "";
			targets = (
				C9D356611D22DAF800E1BC51 /* collegemate */,
				C9D356751D22DAF800E1BC51 /* collegemateTests */,
			);
		};
/* End PBXProject section */

/* Begin PBXResourcesBuildPhase section */
		C9D356601D22DAF800E1BC51 /* Resources */ = {
			isa = PBXResourcesBuildPhase;
			buildActionMask = 2147483647;
			files = (
				C9D356701D22DAF800E1BC51 /* LaunchScreen.storyboard in Resources */,
				C999B57A1D2E1B6400EA87A2 /* GoogleService-Info.plist in Resources */,
				C9D3566D1D22DAF800E1BC51 /* Assets.xcassets in Resources */,
				C9D3566B1D22DAF800E1BC51 /* Main.storyboard in Resources */,
			);
			runOnlyForDeploymentPostprocessing = 0;
		};
		C9D356741D22DAF800E1BC51 /* Resources */ = {
			isa = PBXResourcesBuildPhase;
			buildActionMask = 2147483647;
			files = (
			);
			runOnlyForDeploymentPostprocessing = 0;
		};
/* End PBXResourcesBuildPhase section */

/* Begin PBXShellScriptBuildPhase section */
		3B0FA3C22BE089DE3C369967 /* [CP] Copy Pods Resources */ = {
			isa = PBXShellScriptBuildPhase;
			buildActionMask = 2147483647;
			files = (
			);
			inputPaths = (
			);
			name = "[CP] Copy Pods Resources";
			outputPaths = (
			);
			runOnlyForDeploymentPostprocessing = 0;
			shellPath = /bin/sh;
			shellScript = "\"${SRCROOT}/Pods/Target Support Files/Pods-collegemateTests/Pods-collegemateTests-resources.sh\"\n";
			showEnvVarsInLog = 0;
		};
		A925F10523C19E63F952A929 /* [CP] Check Pods Manifest.lock */ = {
			isa = PBXShellScriptBuildPhase;
			buildActionMask = 2147483647;
			files = (
			);
			inputPaths = (
			);
			name = "[CP] Check Pods Manifest.lock";
			outputPaths = (
			);
			runOnlyForDeploymentPostprocessing = 0;
			shellPath = /bin/sh;
			shellScript = "diff \"${PODS_ROOT}/../Podfile.lock\" \"${PODS_ROOT}/Manifest.lock\" > /dev/null\nif [[ $? != 0 ]] ; then\n    cat << EOM\nerror: The sandbox is not in sync with the Podfile.lock. Run 'pod install' or update your CocoaPods installation.\nEOM\n    exit 1\nfi\n";
			showEnvVarsInLog = 0;
		};
		AD67B98A58D80185E9C85751 /* [CP] Embed Pods Frameworks */ = {
			isa = PBXShellScriptBuildPhase;
			buildActionMask = 2147483647;
			files = (
			);
			inputPaths = (
			);
			name = "[CP] Embed Pods Frameworks";
			outputPaths = (
			);
			runOnlyForDeploymentPostprocessing = 0;
			shellPath = /bin/sh;
			shellScript = "\"${SRCROOT}/Pods/Target Support Files/Pods-collegemateTests/Pods-collegemateTests-frameworks.sh\"\n";
			showEnvVarsInLog = 0;
		};
		B75895EDB7BCA1A69147D1A0 /* [CP] Copy Pods Resources */ = {
			isa = PBXShellScriptBuildPhase;
			buildActionMask = 2147483647;
			files = (
			);
			inputPaths = (
			);
			name = "[CP] Copy Pods Resources";
			outputPaths = (
			);
			runOnlyForDeploymentPostprocessing = 0;
			shellPath = /bin/sh;
			shellScript = "\"${SRCROOT}/Pods/Target Support Files/Pods-collegemate/Pods-collegemate-resources.sh\"\n";
			showEnvVarsInLog = 0;
		};
		D9A29A5604AF61404B66AE0C /* [CP] Check Pods Manifest.lock */ = {
			isa = PBXShellScriptBuildPhase;
			buildActionMask = 2147483647;
			files = (
			);
			inputPaths = (
			);
			name = "[CP] Check Pods Manifest.lock";
			outputPaths = (
			);
			runOnlyForDeploymentPostprocessing = 0;
			shellPath = /bin/sh;
			shellScript = "diff \"${PODS_ROOT}/../Podfile.lock\" \"${PODS_ROOT}/Manifest.lock\" > /dev/null\nif [[ $? != 0 ]] ; then\n    cat << EOM\nerror: The sandbox is not in sync with the Podfile.lock. Run 'pod install' or update your CocoaPods installation.\nEOM\n    exit 1\nfi\n";
			showEnvVarsInLog = 0;
		};
		DA7E3EA8003CAA1D5ECA9B8F /* [CP] Embed Pods Frameworks */ = {
			isa = PBXShellScriptBuildPhase;
			buildActionMask = 2147483647;
			files = (
			);
			inputPaths = (
			);
			name = "[CP] Embed Pods Frameworks";
			outputPaths = (
			);
			runOnlyForDeploymentPostprocessing = 0;
			shellPath = /bin/sh;
			shellScript = "\"${SRCROOT}/Pods/Target Support Files/Pods-collegemate/Pods-collegemate-frameworks.sh\"\n";
			showEnvVarsInLog = 0;
		};
/* End PBXShellScriptBuildPhase section */

/* Begin PBXSourcesBuildPhase section */
		C9D3565E1D22DAF800E1BC51 /* Sources */ = {
			isa = PBXSourcesBuildPhase;
			buildActionMask = 2147483647;
			files = (
				C93619371D3F479D0071B0C7 /* SWRevealViewController.m in Sources */,
				C9D3568D1D239B7200E1BC51 /* LoginViewController.swift in Sources */,
				C97F342B1D31247700D3B398 /* SideMenuController.swift in Sources */,
				C9D356921D2439FA00E1BC51 /* HttpHelper.swift in Sources */,
				C9D356661D22DAF800E1BC51 /* AppDelegate.swift in Sources */,
				C97F342F1D325C7800D3B398 /* SideMenuCustomCell.swift in Sources */,
				C9D3568B1D23199E00E1BC51 /* NotificationsViewController.swift in Sources */,
			);
			runOnlyForDeploymentPostprocessing = 0;
		};
		C9D356721D22DAF800E1BC51 /* Sources */ = {
			isa = PBXSourcesBuildPhase;
			buildActionMask = 2147483647;
			files = (
				C9D3567B1D22DAF800E1BC51 /* collegemateTests.swift in Sources */,
			);
			runOnlyForDeploymentPostprocessing = 0;
		};
/* End PBXSourcesBuildPhase section */

/* Begin PBXTargetDependency section */
		C9D356781D22DAF800E1BC51 /* PBXTargetDependency */ = {
			isa = PBXTargetDependency;
			target = C9D356611D22DAF800E1BC51 /* collegemate */;
			targetProxy = C9D356771D22DAF800E1BC51 /* PBXContainerItemProxy */;
		};
/* End PBXTargetDependency section */

/* Begin PBXVariantGroup section */
		C9D356691D22DAF800E1BC51 /* Main.storyboard */ = {
			isa = PBXVariantGroup;
			children = (
				C9D3566A1D22DAF800E1BC51 /* Base */,
			);
			name = Main.storyboard;
			sourceTree = "<group>";
		};
		C9D3566E1D22DAF800E1BC51 /* LaunchScreen.storyboard */ = {
			isa = PBXVariantGroup;
			children = (
				C9D3566F1D22DAF800E1BC51 /* Base */,
			);
			name = LaunchScreen.storyboard;
			sourceTree = "<group>";
		};
/* End PBXVariantGroup section */

/* Begin XCBuildConfiguration section */
		C9A761371D2FE2B500D998E6 /* adHoc */ = {
			isa = XCBuildConfiguration;
			buildSettings = {
				ALWAYS_SEARCH_USER_PATHS = NO;
				CLANG_ANALYZER_NONNULL = YES;
				CLANG_CXX_LANGUAGE_STANDARD = "gnu++0x";
				CLANG_CXX_LIBRARY = "libc++";
				CLANG_ENABLE_MODULES = YES;
				CLANG_ENABLE_OBJC_ARC = YES;
				CLANG_WARN_BOOL_CONVERSION = YES;
				CLANG_WARN_CONSTANT_CONVERSION = YES;
				CLANG_WARN_DIRECT_OBJC_ISA_USAGE = YES_ERROR;
				CLANG_WARN_EMPTY_BODY = YES;
				CLANG_WARN_ENUM_CONVERSION = YES;
				CLANG_WARN_INT_CONVERSION = YES;
				CLANG_WARN_OBJC_ROOT_CLASS = YES_ERROR;
				CLANG_WARN_UNREACHABLE_CODE = YES;
				CLANG_WARN__DUPLICATE_METHOD_MATCH = YES;
				CODE_SIGN_IDENTITY = "iPhone Distribution: Vishal Sharma (CX8659V4DU)";
				"CODE_SIGN_IDENTITY[sdk=iphoneos*]" = "iPhone Distribution: Vishal Sharma (CX8659V4DU)";
				COPY_PHASE_STRIP = NO;
				DEBUG_INFORMATION_FORMAT = "dwarf-with-dsym";
				ENABLE_NS_ASSERTIONS = NO;
				ENABLE_STRICT_OBJC_MSGSEND = YES;
				GCC_C_LANGUAGE_STANDARD = gnu99;
				GCC_NO_COMMON_BLOCKS = YES;
				GCC_WARN_64_TO_32_BIT_CONVERSION = YES;
				GCC_WARN_ABOUT_RETURN_TYPE = YES_ERROR;
				GCC_WARN_UNDECLARED_SELECTOR = YES;
				GCC_WARN_UNINITIALIZED_AUTOS = YES_AGGRESSIVE;
				GCC_WARN_UNUSED_FUNCTION = YES;
				GCC_WARN_UNUSED_VARIABLE = YES;
				IPHONEOS_DEPLOYMENT_TARGET = 9.3;
				MTL_ENABLE_DEBUG_INFO = NO;
				PROVISIONING_PROFILE = "e44d0843-5acf-409c-83c1-8d148913728d";
				SDKROOT = iphoneos;
				TARGETED_DEVICE_FAMILY = "1,2";
				VALIDATE_PRODUCT = YES;
			};
			name = adHoc;
		};
		C9A761381D2FE2B500D998E6 /* adHoc */ = {
			isa = XCBuildConfiguration;
			baseConfigurationReference = AA8780EECD43FB0887C4534B /* Pods-collegemate.adhoc.xcconfig */;
			buildSettings = {
				ASSETCATALOG_COMPILER_APPICON_NAME = AppIcon;
				CLANG_ENABLE_MODULES = YES;
				CODE_SIGN_IDENTITY = "iPhone Distribution: Vishal Sharma (CX8659V4DU)";
				"CODE_SIGN_IDENTITY[sdk=iphoneos*]" = "iPhone Distribution: Vishal Sharma (CX8659V4DU)";
				INFOPLIST_FILE = collegemate/Info.plist;
				LD_RUNPATH_SEARCH_PATHS = "$(inherited) @executable_path/Frameworks";
				PRODUCT_BUNDLE_IDENTIFIER = todevs.com.collegemate;
				PRODUCT_NAME = "$(TARGET_NAME)";
				PROVISIONING_PROFILE = "e44d0843-5acf-409c-83c1-8d148913728d";
				SWIFT_OBJC_BRIDGING_HEADER = "collegemate-Bridging-Header.h";
			};
			name = adHoc;
		};
		C9A761391D2FE2B500D998E6 /* adHoc */ = {
			isa = XCBuildConfiguration;
			baseConfigurationReference = CE4A41670D5A76A1C76134B4 /* Pods-collegemateTests.adhoc.xcconfig */;
			buildSettings = {
				BUNDLE_LOADER = "$(TEST_HOST)";
				INFOPLIST_FILE = collegemateTests/Info.plist;
				LD_RUNPATH_SEARCH_PATHS = "$(inherited) @executable_path/Frameworks @loader_path/Frameworks";
				PRODUCT_BUNDLE_IDENTIFIER = todevs.com.collegemateTests;
				PRODUCT_NAME = "$(TARGET_NAME)";
				TEST_HOST = "$(BUILT_PRODUCTS_DIR)/collegemate.app/collegemate";
			};
			name = adHoc;
		};
		C9D3567D1D22DAF800E1BC51 /* Debug */ = {
			isa = XCBuildConfiguration;
			buildSettings = {
				ALWAYS_SEARCH_USER_PATHS = NO;
				CLANG_ANALYZER_NONNULL = YES;
				CLANG_CXX_LANGUAGE_STANDARD = "gnu++0x";
				CLANG_CXX_LIBRARY = "libc++";
				CLANG_ENABLE_MODULES = YES;
				CLANG_ENABLE_OBJC_ARC = YES;
				CLANG_WARN_BOOL_CONVERSION = YES;
				CLANG_WARN_CONSTANT_CONVERSION = YES;
				CLANG_WARN_DIRECT_OBJC_ISA_USAGE = YES_ERROR;
				CLANG_WARN_EMPTY_BODY = YES;
				CLANG_WARN_ENUM_CONVERSION = YES;
				CLANG_WARN_INT_CONVERSION = YES;
				CLANG_WARN_OBJC_ROOT_CLASS = YES_ERROR;
				CLANG_WARN_UNREACHABLE_CODE = YES;
				CLANG_WARN__DUPLICATE_METHOD_MATCH = YES;
				CODE_SIGN_IDENTITY = "iPhone Developer: Vishal Sharma (Q539L2TBL8)";
				"CODE_SIGN_IDENTITY[sdk=iphoneos*]" = "iPhone Developer: Vishal Sharma (Q539L2TBL8)";
				COPY_PHASE_STRIP = NO;
				DEBUG_INFORMATION_FORMAT = dwarf;
				ENABLE_STRICT_OBJC_MSGSEND = YES;
				ENABLE_TESTABILITY = YES;
				GCC_C_LANGUAGE_STANDARD = gnu99;
				GCC_DYNAMIC_NO_PIC = NO;
				GCC_NO_COMMON_BLOCKS = YES;
				GCC_OPTIMIZATION_LEVEL = 0;
				GCC_PREPROCESSOR_DEFINITIONS = (
					"DEBUG=1",
					"$(inherited)",
				);
				GCC_WARN_64_TO_32_BIT_CONVERSION = YES;
				GCC_WARN_ABOUT_RETURN_TYPE = YES_ERROR;
				GCC_WARN_UNDECLARED_SELECTOR = YES;
				GCC_WARN_UNINITIALIZED_AUTOS = YES_AGGRESSIVE;
				GCC_WARN_UNUSED_FUNCTION = YES;
				GCC_WARN_UNUSED_VARIABLE = YES;
				IPHONEOS_DEPLOYMENT_TARGET = 9.3;
				MTL_ENABLE_DEBUG_INFO = YES;
				ONLY_ACTIVE_ARCH = YES;
				PROVISIONING_PROFILE = "ece2e6a9-ff56-474e-9a87-5b5183561b17";
				SDKROOT = iphoneos;
				SWIFT_OPTIMIZATION_LEVEL = "-Onone";
				TARGETED_DEVICE_FAMILY = "1,2";
			};
			name = Debug;
		};
		C9D3567E1D22DAF800E1BC51 /* Release */ = {
			isa = XCBuildConfiguration;
			buildSettings = {
				ALWAYS_SEARCH_USER_PATHS = NO;
				CLANG_ANALYZER_NONNULL = YES;
				CLANG_CXX_LANGUAGE_STANDARD = "gnu++0x";
				CLANG_CXX_LIBRARY = "libc++";
				CLANG_ENABLE_MODULES = YES;
				CLANG_ENABLE_OBJC_ARC = YES;
				CLANG_WARN_BOOL_CONVERSION = YES;
				CLANG_WARN_CONSTANT_CONVERSION = YES;
				CLANG_WARN_DIRECT_OBJC_ISA_USAGE = YES_ERROR;
				CLANG_WARN_EMPTY_BODY = YES;
				CLANG_WARN_ENUM_CONVERSION = YES;
				CLANG_WARN_INT_CONVERSION = YES;
				CLANG_WARN_OBJC_ROOT_CLASS = YES_ERROR;
				CLANG_WARN_UNREACHABLE_CODE = YES;
				CLANG_WARN__DUPLICATE_METHOD_MATCH = YES;
				CODE_SIGN_IDENTITY = "iPhone Distribution: Vishal Sharma (CX8659V4DU)";
				"CODE_SIGN_IDENTITY[sdk=iphoneos*]" = "iPhone Distribution: Vishal Sharma (CX8659V4DU)";
				COPY_PHASE_STRIP = NO;
				DEBUG_INFORMATION_FORMAT = "dwarf-with-dsym";
				ENABLE_NS_ASSERTIONS = NO;
				ENABLE_STRICT_OBJC_MSGSEND = YES;
				GCC_C_LANGUAGE_STANDARD = gnu99;
				GCC_NO_COMMON_BLOCKS = YES;
				GCC_WARN_64_TO_32_BIT_CONVERSION = YES;
				GCC_WARN_ABOUT_RETURN_TYPE = YES_ERROR;
				GCC_WARN_UNDECLARED_SELECTOR = YES;
				GCC_WARN_UNINITIALIZED_AUTOS = YES_AGGRESSIVE;
				GCC_WARN_UNUSED_FUNCTION = YES;
				GCC_WARN_UNUSED_VARIABLE = YES;
				IPHONEOS_DEPLOYMENT_TARGET = 9.3;
				MTL_ENABLE_DEBUG_INFO = NO;
				PROVISIONING_PROFILE = "e44d0843-5acf-409c-83c1-8d148913728d";
				SDKROOT = iphoneos;
				TARGETED_DEVICE_FAMILY = "1,2";
				VALIDATE_PRODUCT = YES;
			};
			name = Release;
		};
		C9D356801D22DAF800E1BC51 /* Debug */ = {
			isa = XCBuildConfiguration;
			baseConfigurationReference = 61C2A90F6CEED3B1CBAFE4C2 /* Pods-collegemate.debug.xcconfig */;
			buildSettings = {
				ASSETCATALOG_COMPILER_APPICON_NAME = AppIcon;
				CLANG_ENABLE_MODULES = YES;
				CODE_SIGN_IDENTITY = "iPhone Developer: Vishal Sharma (Q539L2TBL8)";
				"CODE_SIGN_IDENTITY[sdk=iphoneos*]" = "iPhone Developer: Vishal Sharma (Q539L2TBL8)";
				INFOPLIST_FILE = collegemate/Info.plist;
				LD_RUNPATH_SEARCH_PATHS = "$(inherited) @executable_path/Frameworks";
				PRODUCT_BUNDLE_IDENTIFIER = todevs.com.collegemate;
				PRODUCT_NAME = "$(TARGET_NAME)";
				PROVISIONING_PROFILE = "ece2e6a9-ff56-474e-9a87-5b5183561b17";
				SWIFT_OBJC_BRIDGING_HEADER = "collegemate-Bridging-Header.h";
				SWIFT_OPTIMIZATION_LEVEL = "-Onone";
			};
			name = Debug;
		};
		C9D356811D22DAF800E1BC51 /* Release */ = {
			isa = XCBuildConfiguration;
			baseConfigurationReference = 87ED6EC70316C3FBA304561D /* Pods-collegemate.release.xcconfig */;
			buildSettings = {
				ASSETCATALOG_COMPILER_APPICON_NAME = AppIcon;
				CLANG_ENABLE_MODULES = YES;
				CODE_SIGN_IDENTITY = "iPhone Distribution: Vishal Sharma (CX8659V4DU)";
				"CODE_SIGN_IDENTITY[sdk=iphoneos*]" = "iPhone Distribution: Vishal Sharma (CX8659V4DU)";
				INFOPLIST_FILE = collegemate/Info.plist;
				LD_RUNPATH_SEARCH_PATHS = "$(inherited) @executable_path/Frameworks";
				PRODUCT_BUNDLE_IDENTIFIER = todevs.com.collegemate;
				PRODUCT_NAME = "$(TARGET_NAME)";
				PROVISIONING_PROFILE = "e44d0843-5acf-409c-83c1-8d148913728d";
				SWIFT_OBJC_BRIDGING_HEADER = "collegemate-Bridging-Header.h";
			};
			name = Release;
		};
		C9D356831D22DAF800E1BC51 /* Debug */ = {
			isa = XCBuildConfiguration;
			baseConfigurationReference = B9E0C4AEE80070D2488DB138 /* Pods-collegemateTests.debug.xcconfig */;
			buildSettings = {
				BUNDLE_LOADER = "$(TEST_HOST)";
				INFOPLIST_FILE = collegemateTests/Info.plist;
				LD_RUNPATH_SEARCH_PATHS = "$(inherited) @executable_path/Frameworks @loader_path/Frameworks";
				PRODUCT_BUNDLE_IDENTIFIER = todevs.com.collegemateTests;
				PRODUCT_NAME = "$(TARGET_NAME)";
				TEST_HOST = "$(BUILT_PRODUCTS_DIR)/collegemate.app/collegemate";
			};
			name = Debug;
		};
		C9D356841D22DAF800E1BC51 /* Release */ = {
			isa = XCBuildConfiguration;
			baseConfigurationReference = 2C454C0BADBF726FAA565A75 /* Pods-collegemateTests.release.xcconfig */;
			buildSettings = {
				BUNDLE_LOADER = "$(TEST_HOST)";
				INFOPLIST_FILE = collegemateTests/Info.plist;
				LD_RUNPATH_SEARCH_PATHS = "$(inherited) @executable_path/Frameworks @loader_path/Frameworks";
				PRODUCT_BUNDLE_IDENTIFIER = todevs.com.collegemateTests;
				PRODUCT_NAME = "$(TARGET_NAME)";
				TEST_HOST = "$(BUILT_PRODUCTS_DIR)/collegemate.app/collegemate";
			};
			name = Release;
		};
/* End XCBuildConfiguration section */

/* Begin XCConfigurationList section */
		C9D3565D1D22DAF800E1BC51 /* Build configuration list for PBXProject "collegemate" */ = {
			isa = XCConfigurationList;
			buildConfigurations = (
				C9D3567D1D22DAF800E1BC51 /* Debug */,
				C9D3567E1D22DAF800E1BC51 /* Release */,
				C9A761371D2FE2B500D998E6 /* adHoc */,
			);
			defaultConfigurationIsVisible = 0;
			defaultConfigurationName = Release;
		};
		C9D3567F1D22DAF800E1BC51 /* Build configuration list for PBXNativeTarget "collegemate" */ = {
			isa = XCConfigurationList;
			buildConfigurations = (
				C9D356801D22DAF800E1BC51 /* Debug */,
				C9D356811D22DAF800E1BC51 /* Release */,
				C9A761381D2FE2B500D998E6 /* adHoc */,
			);
			defaultConfigurationIsVisible = 0;
			defaultConfigurationName = Release;
		};
		C9D356821D22DAF800E1BC51 /* Build configuration list for PBXNativeTarget "collegemateTests" */ = {
			isa = XCConfigurationList;
			buildConfigurations = (
				C9D356831D22DAF800E1BC51 /* Debug */,
				C9D356841D22DAF800E1BC51 /* Release */,
				C9A761391D2FE2B500D998E6 /* adHoc */,
			);
			defaultConfigurationIsVisible = 0;
			defaultConfigurationName = Release;
		};
/* End XCConfigurationList section */
	};
	rootObject = C9D3565A1D22DAF800E1BC51 /* Project object */;
}
